<?xml version="1.0" encoding="UTF-8" standalone="yes" ?>
<CodeBlocks_project_file>
	<FileVersion major="1" minor="6" />
	<Project>
		<Option title="TicTacToe" />
		<Option pch_mode="2" />
		<Option compiler="gcc" />
		<Build>
			<Target title="Debug">
				<Option output="bin/Debug/TicTacToe" prefix_auto="1" extension_auto="1" />
				<Option object_output="obj/Debug/" />
				<Option type="0" />
				<Option compiler="gcc" />
				<Option projectLinkerOptionsRelation="2" />
				<Compiler>
					<Add directory="C:/Program Files (x86)/wxWidgets/lib/gcc_x64_dll/mswud" />
					<Add directory="./" />
					<Add directory="src" />
				</Compiler>
				<Linker>
					<Add library="wxmsw31ud_core" />
					<Add library="wxbase31ud" />
				</Linker>
			</Target>
		</Build>
		<Compiler>
			<Add directory="C:/Program Files (x86)/wxWidgets/include" />
		</Compiler>
		<Linker>
			<Add directory="C:/Program Files (x86)/wxWidgets/lib" />
			<Add directory="C:/Program Files (x86)/wxWidgets/lib/gcc_x64_dll" />
		</Linker>
		<Unit filename="src/Opponent.cpp">
			<Option compile="0" />
			<Option link="0" />
		</Unit>
		<Unit filename="src/Opponent.h" />
		<Unit filename="src/Settings.cpp">
			<Option compile="0" />
			<Option link="0" />
		</Unit>
		<Unit filename="src/Settings.h" />
		<Unit filename="src/SettingsDialog.cpp">
			<Option compile="0" />
			<Option link="0" />
		</Unit>
		<Unit filename="src/SettingsDialog.h" />
		<Unit filename="src/TicTacToeApp.cpp" />
		<Unit filename="src/TicTacToeApp.h" />
		<Unit filename="src/TicTacToeMain.cpp">
			<Option compile="0" />
			<Option link="0" />
		</Unit>
		<Unit filename="src/TicTacToeMain.h" />
		<Extensions />
	</Project>
</CodeBlocks_project_file>
