<?xml version="1.0" encoding="UTF-8" standalone="yes" ?>
<CodeBlocks_project_file>
	<FileVersion major="1" minor="6" />
	<Project>
		<Option title="TicTacToe" />
		<Option pch_mode="2" />
		<Option compiler="gcc" />
		<Build>
			<Target title="Debug">
				<Option output="bin/Debug/TicTacToe" prefix_auto="1" extension_auto="1" />
				<Option object_output="obj/Debug/" />
				<Option type="0" />
				<Option compiler="gcc" />
				<Option projectLinkerOptionsRelation="2" />
				<Compiler>
					<Add directory="C:/Program Files (x86)/wxWidgets/lib/gcc_x64_dll/mswud" />
				</Compiler>
				<Linker>
					<Add library="wxmsw31ud_core" />
					<Add library="wxbase31ud" />
				</Linker>
			</Target>
		</Build>
		<Compiler>
			<Add option="/DWIN32" />
			<Add option="/D__WIN32__" />
			<Add option="/D__WXMSW__" />
			<Add option="/DWXUSINGDLL" />
			<Add option="/D_WINDOWS" />
			<Add option="/EHs" />
			<Add option="/EHc" />
			<Add option="/D_CRT_SECURE_DEPRECATE" />
			<Add option="/D_CRT_NONSTDC_NO_DEPRECATE" />
			<Add option="/D_CRT_SECURE_NO_WARNINGS" />
			<Add option="/Zc:wchar_t" />
			<Add option="/Zc:auto" />
			<Add option="/W3" />
			<Add directory="C:/compiler/wxWidgets-3.1.4/include" />
		</Compiler>
		<Linker>
			<Add directory="C:/Program Files (x86)/wxWidgets/lib" />
			<Add directory="C:/Program Files (x86)/wxWidgets/lib/gcc_x64_dll" />
		</Linker>
		<Unit filename="TicTacToeApp.cpp" />
		<Unit filename="TicTacToeApp.h" />
		<Unit filename="TicTacToeMain.cpp" />
		<Unit filename="TicTacToeMain.h" />
		<Unit filename="resource.rc">
			<Option compilerVar="WINDRES" />
			<Option target="&lt;{~None~}&gt;" />
		</Unit>
		<Extensions />
	</Project>
</CodeBlocks_project_file>
